
Microsoft Visual Studio Solution File, Format Version 12.00
# Visual Studio 15
VisualStudioVersion = 15.0.28307.1401
MinimumVisualStudioVersion = 10.0.40219.1
Project("{FAE04EC0-301F-11D3-BF4B-00C04F79EFBC}") = "HelloWorld", "HelloWorld\HelloWorld.csproj", "{F5677FB9-D705-496B-9195-5C39F291A603}"
EndProject
Global
	GlobalSection(SolutionConfigurationPlatforms) = preSolution
		Debug|Any CPU = Debug|Any CPU
		Release|Any CPU = Release|Any CPU
	EndGlobalSection
	GlobalSection(ProjectConfigurationPlatforms) = postSolution
		{F5677FB9-D705-496B-9195-5C39F291A603}.Debug|Any CPU.ActiveCfg = Debug|Any CPU
		{F5677FB9-D705-496B-9195-5C39F291A603}.Debug|Any CPU.Build.0 = Debug|Any CPU
		{F5677FB9-D705-496B-9195-5C39F291A603}.Release|Any CPU.ActiveCfg = Release|Any CPU
		{F5677FB9-D705-496B-9195-5C39F291A603}.Release|Any CPU.Build.0 = Release|Any CPU
	EndGlobalSection
	GlobalSection(SolutionProperties) = preSolution
		HideSolutionNode = FALSE
	EndGlobalSection
	GlobalSection(ExtensibilityGlobals) = postSolution
		SolutionGuid = {1184FFF1-5D77-4138-8C37-28172B7A3494}
	EndGlobalSection
EndGlobal
